version = 1
package = "widgets_api"

[messages.CreateWidgetInput]
id = 1
name = 2
reserved = []

[messages.EchoWidgetNameInput]
name = 1
reserved = []

[messages.EchoWidgetNameOutput]
result = 1
reserved = []

[messages.PageInfo]
has_next_page = 3
has_previous_page = 4
limit = 1
offset = 2
reserved = []

[messages.PageOfWidget]
items = 1
page_info = 3
total_count = 2
reserved = []

[messages.RpcListPredicate]
key = 1
value = 2
reserved = []

[messages.StringList]
values = 1
reserved = []

[messages.UpdateWidgetInput]
name = 1
reserved = []

[messages.Widget]
id = 1
name = 2
reserved = []

[messages.WidgetNameSamplesInput]
reserved = []

[messages.WidgetNameSamplesOutput]
result = 1
reserved = []

[messages.WidgetRpcListInput]
fields = 3
filters = 9
include = 4
include_fields = 5
limit = 1
offset = 2
or = 8
sort = 6
where_expr = 7
reserved = []

[messages.WidgetRpcPkInput]
id = 1
reserved = []

[messages.WidgetRpcUpdateInput]
id = 1
patch = 2
reserved = []

[enums]
